{
  "name": "javascript-snippets",
  "version": "1.0.0",
  "lockfileVersion": 1,
  "requires": true,
  "dependencies": {
    "node-cron": {
      "version": "2.0.3",
      "resolved": "https://registry.npmjs.org/node-cron/-/node-cron-2.0.3.tgz",
      "integrity": "sha512-eJI+QitXlwcgiZwNNSRbqsjeZMp5shyajMR81RZCqeW0ZDEj4zU9tpd4nTh/1JsBiKbF8d08FCewiipDmVIYjg==",
      "requires": {
        "opencollective-postinstall": "^2.0.0",
        "tz-offset": "0.0.1"
      }
    },
    "nodemailer": {
      "version": "6.4.16",
      "resolved": "https://registry.npmjs.org/nodemailer/-/nodemailer-6.4.16.tgz",
      "integrity": "sha512-68K0LgZ6hmZ7PVmwL78gzNdjpj5viqBdFqKrTtr9bZbJYj6BRj5W6WGkxXrEnUl3Co3CBXi3CZBUlpV/foGnOQ=="
    },
    "opencollective-postinstall": {
      "version": "2.0.3",
      "resolved": "https://registry.npmjs.org/opencollective-postinstall/-/opencollective-postinstall-2.0.3.tgz",
      "integrity": "sha512-8AV/sCtuzUeTo8gQK5qDZzARrulB3egtLzFgteqB2tcT4Mw7B8Kt7JcDHmltjz6FOAHsvTevk70gZEbhM4ZS9Q=="
    },
    "tz-offset": {
      "version": "0.0.1",
      "resolved": "https://registry.npmjs.org/tz-offset/-/tz-offset-0.0.1.tgz",
      "integrity": "sha512-kMBmblijHJXyOpKzgDhKx9INYU4u4E1RPMB0HqmKSgWG8vEcf3exEfLh4FFfzd3xdQOw9EuIy/cP0akY6rHopQ=="
    }
  }
}
